
Microsoft Visual Studio Solution File, Format Version 12.00
# Visual Studio Version 17
VisualStudioVersion = 17.2.32616.157
MinimumVisualStudioVersion = 10.0.40219.1
Project("{FAE04EC0-301F-11D3-BF4B-00C04F79EFBC}") = "mvcCoreDevOps", "mvcCoreDevOps.csproj", "{3385399A-1A54-4821-9793-C1C18C631776}"
EndProject
Global
	GlobalSection(SolutionConfigurationPlatforms) = preSolution
		Debug|Any CPU = Debug|Any CPU
		Release|Any CPU = Release|Any CPU
	EndGlobalSection
	GlobalSection(ProjectConfigurationPlatforms) = postSolution
		{3385399A-1A54-4821-9793-C1C18C631776}.Debug|Any CPU.ActiveCfg = Debug|Any CPU
		{3385399A-1A54-4821-9793-C1C18C631776}.Debug|Any CPU.Build.0 = Debug|Any CPU
		{3385399A-1A54-4821-9793-C1C18C631776}.Release|Any CPU.ActiveCfg = Release|Any CPU
		{3385399A-1A54-4821-9793-C1C18C631776}.Release|Any CPU.Build.0 = Release|Any CPU
	EndGlobalSection
	GlobalSection(SolutionProperties) = preSolution
		HideSolutionNode = FALSE
	EndGlobalSection
	GlobalSection(ExtensibilityGlobals) = postSolution
		SolutionGuid = {252D1210-B85A-46D6-9AF5-2DAF4C8B1EA2}
	EndGlobalSection
EndGlobal
